
Microsoft Visual Studio Solution File, Format Version 12.00
# Visual Studio Version 17
VisualStudioVersion = 17.3.32811.315
MinimumVisualStudioVersion = 10.0.40219.1
Project("{9A19103F-16F7-4668-BE54-9A1E7A4F7556}") = "QIF_Model_net6.0", "QIF_Model_net6.0.csproj", "{7855F510-F8D7-42C9-9924-DD2F11D774C5}"
EndProject
Global
	GlobalSection(SolutionConfigurationPlatforms) = preSolution
		Debug|Any CPU = Debug|Any CPU
		Release|Any CPU = Release|Any CPU
	EndGlobalSection
	GlobalSection(ProjectConfigurationPlatforms) = postSolution
		{7855F510-F8D7-42C9-9924-DD2F11D774C5}.Debug|Any CPU.ActiveCfg = Debug|Any CPU
		{7855F510-F8D7-42C9-9924-DD2F11D774C5}.Debug|Any CPU.Build.0 = Debug|Any CPU
		{7855F510-F8D7-42C9-9924-DD2F11D774C5}.Release|Any CPU.ActiveCfg = Release|Any CPU
		{7855F510-F8D7-42C9-9924-DD2F11D774C5}.Release|Any CPU.Build.0 = Release|Any CPU
	EndGlobalSection
	GlobalSection(SolutionProperties) = preSolution
		HideSolutionNode = FALSE
	EndGlobalSection
	GlobalSection(ExtensibilityGlobals) = postSolution
		SolutionGuid = {DC5D2AAC-9F04-49AD-B273-4E99B527A250}
	EndGlobalSection
EndGlobal
